
Microsoft Visual Studio Solution File, Format Version 12.00
# Visual Studio 14
VisualStudioVersion = 14.0.24720.0
MinimumVisualStudioVersion = 10.0.40219.1
Project("{FAE04EC0-301F-11D3-BF4B-00C04F79EFBC}") = "ProgrammingBasicsCSharp", "ProgrammingBasicsCSharp\ProgrammingBasicsCSharp.csproj", "{87B87BE3-13F8-41CD-BD09-3B62052D3274}"
EndProject
Project("{FAE04EC0-301F-11D3-BF4B-00C04F79EFBC}") = "Chapter9Exercise4", "Chapter9Exercise4\Chapter9Exercise4.csproj", "{8471F058-4C52-4A14-BA72-68FD92064872}"
EndProject
Project("{FAE04EC0-301F-11D3-BF4B-00C04F79EFBC}") = "Chapter9Exercise4Tests", "Chapter9Exercise4Tests\Chapter9Exercise4Tests.csproj", "{8743A770-8088-4E8D-A1CB-30F92C750F80}"
EndProject
Project("{FAE04EC0-301F-11D3-BF4B-00C04F79EFBC}") = "Chapter9Exercise5", "Chapter9Exercise5\Chapter9Exercise5.csproj", "{7F27CB87-DB03-4C4B-B9A8-4DA5E4F2265A}"
EndProject
Project("{FAE04EC0-301F-11D3-BF4B-00C04F79EFBC}") = "Chapter9Exercise5Tests", "Chapter9Exercise5Tests\Chapter9Exercise5Tests.csproj", "{4115CA8A-E2EC-4056-865E-FDAF93304FC4}"
EndProject
Project("{FAE04EC0-301F-11D3-BF4B-00C04F79EFBC}") = "Chapter9Exercise6", "Chapter9Exercise6\Chapter9Exercise6.csproj", "{1C89D4AA-2BD6-43A4-A130-DDEF26E9A5D3}"
EndProject
Project("{FAE04EC0-301F-11D3-BF4B-00C04F79EFBC}") = "Chapter9Exercise7", "Chapter9Exercise7\Chapter9Exercise7.csproj", "{85218539-A3BB-4D49-B0F3-EED5431B6E9A}"
EndProject
Project("{FAE04EC0-301F-11D3-BF4B-00C04F79EFBC}") = "Chapter9Exercise8", "Chapter9Exercise8\Chapter9Exercise8.csproj", "{5E1EE083-F0D8-4F93-9930-FA153D5C9FC9}"
EndProject
Project("{FAE04EC0-301F-11D3-BF4B-00C04F79EFBC}") = "Chapter9Exercise9", "Chapter9Exercise9\Chapter9Exercise9.csproj", "{3590F1D8-3CF2-4398-BF79-13F61F60F55F}"
EndProject
Project("{FAE04EC0-301F-11D3-BF4B-00C04F79EFBC}") = "Chapter9Exercise10", "Chapter9Exercise10\Chapter9Exercise10.csproj", "{99E75409-2A74-431C-B80E-E2F4509ED123}"
EndProject
Project("{FAE04EC0-301F-11D3-BF4B-00C04F79EFBC}") = "Chapter9Exercise11", "Chapter9Exercise11\Chapter9Exercise11.csproj", "{A3A7B542-A964-4E55-88EA-B1ED0520E09C}"
EndProject
Project("{FAE04EC0-301F-11D3-BF4B-00C04F79EFBC}") = "Chapter9Exercise12", "Chapter9Exercise12\Chapter9Exercise12.csproj", "{379FEF37-3B5B-4988-AC38-CDE5AAE857B2}"
EndProject
Project("{FAE04EC0-301F-11D3-BF4B-00C04F79EFBC}") = "Chapter9Exercise13", "Chapter9Exercise13\Chapter9Exercise13.csproj", "{2832EF89-EE57-4D56-A6FD-47D88B675637}"
EndProject
Project("{FAE04EC0-301F-11D3-BF4B-00C04F79EFBC}") = "Chapter10Exercise1", "Chapter10Exercise1\Chapter10Exercise1.csproj", "{C58207AB-EC04-426A-A91D-357F5BC99C1C}"
EndProject
Project("{2150E333-8FDC-42A3-9474-1A3956D46DE8}") = "Solution Items", "Solution Items", "{F81F9B36-3785-4DBB-92F9-827627545497}"
EndProject
Project("{FAE04EC0-301F-11D3-BF4B-00C04F79EFBC}") = "Chapter10Exercise2", "Chapter10Exercise2\Chapter10Exercise2.csproj", "{415C64CD-9541-4C78-BF56-3ADB442FBCCF}"
EndProject
Project("{FAE04EC0-301F-11D3-BF4B-00C04F79EFBC}") = "Chapter10Exercise3", "Chapter10Exercise3\Chapter10Exercise3.csproj", "{11B7143E-660C-4CF7-9710-38ECE21DF282}"
EndProject
Project("{FAE04EC0-301F-11D3-BF4B-00C04F79EFBC}") = "Chapter10Exercise4", "Chapter10Exercise4\Chapter10Exercise4.csproj", "{6743525C-DCE8-42C3-998F-EF20FB8CC499}"
EndProject
Project("{FAE04EC0-301F-11D3-BF4B-00C04F79EFBC}") = "Chapter10Exercise5", "Chapter10Exercise5\Chapter10Exercise5.csproj", "{2C1C4ECF-A40E-4747-958A-0BB0AF5A927B}"
EndProject
Project("{FAE04EC0-301F-11D3-BF4B-00C04F79EFBC}") = "Chapter10Exercise6", "Chapter10Exercise6\Chapter10Exercise6.csproj", "{8755940B-4035-40E2-B8CF-CC9D1054459B}"
EndProject
Project("{FAE04EC0-301F-11D3-BF4B-00C04F79EFBC}") = "Chapter10Exercise7", "Chapter10Exercise7\Chapter10Exercise7.csproj", "{CA65F058-578B-41C0-BA58-A83201E8B1F6}"
EndProject
Project("{FAE04EC0-301F-11D3-BF4B-00C04F79EFBC}") = "Chapter10Exercise8", "Chapter10Exercise8\Chapter10Exercise8.csproj", "{549DF4AD-AD53-40F3-AD9F-A3175A16A9E9}"
EndProject
Project("{FAE04EC0-301F-11D3-BF4B-00C04F79EFBC}") = "Chapter10Exercise9", "Chapter10Exercise9\Chapter10Exercise9.csproj", "{752C1503-5E6E-4402-830A-511F77D7D73E}"
EndProject
Project("{FAE04EC0-301F-11D3-BF4B-00C04F79EFBC}") = "Chapter10Exercise10", "Chapter10Exercise10\Chapter10Exercise10.csproj", "{830FE6C9-0E57-4405-AB56-429D9EB61250}"
EndProject
Project("{FAE04EC0-301F-11D3-BF4B-00C04F79EFBC}") = "Chapter10Exercise11", "Chapter10Exercise11\Chapter10Exercise11.csproj", "{4AEAA009-463E-4B92-BE0C-A1F0594A6049}"
EndProject
Project("{FAE04EC0-301F-11D3-BF4B-00C04F79EFBC}") = "Chapter11Exercise1", "Chapter11Exercise1\Chapter11Exercise1.csproj", "{5FD840D5-89D9-4D80-B85A-04DA68B2D481}"
EndProject
Project("{FAE04EC0-301F-11D3-BF4B-00C04F79EFBC}") = "Chapter11Exercise2", "Chapter11Exercise2\Chapter11Exercise2.csproj", "{731396E5-AA06-4205-B85E-D0EB13C12765}"
EndProject
Project("{FAE04EC0-301F-11D3-BF4B-00C04F79EFBC}") = "Chapter11Exercise3", "Chapter11Exercise3\Chapter11Exercise3.csproj", "{1F599133-0B9A-45B3-AA6A-3FFFF11F0988}"
EndProject
Project("{FAE04EC0-301F-11D3-BF4B-00C04F79EFBC}") = "Chapter11Exercise4", "Chapter11Exercise4\Chapter11Exercise4.csproj", "{A35BD48B-4EF7-450C-BAC3-9E84A5D9CFDC}"
EndProject
Project("{FAE04EC0-301F-11D3-BF4B-00C04F79EFBC}") = "Chapter11Exercise5", "Chapter11Exercise5\Chapter11Exercise5.csproj", "{23F26A4E-005B-454C-97A4-BD8779326213}"
EndProject
Project("{FAE04EC0-301F-11D3-BF4B-00C04F79EFBC}") = "Chapter11Exercise6", "Chapter11Exercise6\Chapter11Exercise6.csproj", "{222F4563-FAB4-4133-B7F8-FD1693973D99}"
EndProject
Project("{FAE04EC0-301F-11D3-BF4B-00C04F79EFBC}") = "Chapter11Exercise7and8", "Chapter11Exercise7\Chapter11Exercise7and8.csproj", "{98913333-84D1-4A1C-829E-3137001EEE5D}"
EndProject
Project("{FAE04EC0-301F-11D3-BF4B-00C04F79EFBC}") = "Chapter11Exercise9", "Chapter11Exercise8\Chapter11Exercise9.csproj", "{724C8F10-1E32-47EA-9966-321F715F9FE0}"
EndProject
Project("{FAE04EC0-301F-11D3-BF4B-00C04F79EFBC}") = "Chapter11Exercise10", "Chapter11Exercise10\Chapter11Exercise10.csproj", "{1CC3A515-3D1A-4992-BFA6-0DE92AE48AEA}"
EndProject
Project("{FAE04EC0-301F-11D3-BF4B-00C04F79EFBC}") = "Chapter11Exercise11", "Chapter11Exercise11\Chapter11Exercise11.csproj", "{CB73F8A2-522B-4DA6-86A3-F40E3B6D4F45}"
EndProject
Project("{FAE04EC0-301F-11D3-BF4B-00C04F79EFBC}") = "Chapter11Exercise12", "Chapter11Exercise12\Chapter11Exercise12.csproj", "{7EFAE07D-B39A-47A7-AAAB-9F1623D7491D}"
EndProject
Global
	GlobalSection(SolutionConfigurationPlatforms) = preSolution
		Debug|Any CPU = Debug|Any CPU
		Release|Any CPU = Release|Any CPU
	EndGlobalSection
	GlobalSection(ProjectConfigurationPlatforms) = postSolution
		{87B87BE3-13F8-41CD-BD09-3B62052D3274}.Debug|Any CPU.ActiveCfg = Debug|Any CPU
		{87B87BE3-13F8-41CD-BD09-3B62052D3274}.Debug|Any CPU.Build.0 = Debug|Any CPU
		{87B87BE3-13F8-41CD-BD09-3B62052D3274}.Release|Any CPU.ActiveCfg = Release|Any CPU
		{87B87BE3-13F8-41CD-BD09-3B62052D3274}.Release|Any CPU.Build.0 = Release|Any CPU
		{8471F058-4C52-4A14-BA72-68FD92064872}.Debug|Any CPU.ActiveCfg = Debug|Any CPU
		{8471F058-4C52-4A14-BA72-68FD92064872}.Debug|Any CPU.Build.0 = Debug|Any CPU
		{8471F058-4C52-4A14-BA72-68FD92064872}.Release|Any CPU.ActiveCfg = Release|Any CPU
		{8471F058-4C52-4A14-BA72-68FD92064872}.Release|Any CPU.Build.0 = Release|Any CPU
		{8743A770-8088-4E8D-A1CB-30F92C750F80}.Debug|Any CPU.ActiveCfg = Debug|Any CPU
		{8743A770-8088-4E8D-A1CB-30F92C750F80}.Debug|Any CPU.Build.0 = Debug|Any CPU
		{8743A770-8088-4E8D-A1CB-30F92C750F80}.Release|Any CPU.ActiveCfg = Release|Any CPU
		{8743A770-8088-4E8D-A1CB-30F92C750F80}.Release|Any CPU.Build.0 = Release|Any CPU
		{7F27CB87-DB03-4C4B-B9A8-4DA5E4F2265A}.Debug|Any CPU.ActiveCfg = Debug|Any CPU
		{7F27CB87-DB03-4C4B-B9A8-4DA5E4F2265A}.Debug|Any CPU.Build.0 = Debug|Any CPU
		{7F27CB87-DB03-4C4B-B9A8-4DA5E4F2265A}.Release|Any CPU.ActiveCfg = Release|Any CPU
		{7F27CB87-DB03-4C4B-B9A8-4DA5E4F2265A}.Release|Any CPU.Build.0 = Release|Any CPU
		{4115CA8A-E2EC-4056-865E-FDAF93304FC4}.Debug|Any CPU.ActiveCfg = Debug|Any CPU
		{4115CA8A-E2EC-4056-865E-FDAF93304FC4}.Debug|Any CPU.Build.0 = Debug|Any CPU
		{4115CA8A-E2EC-4056-865E-FDAF93304FC4}.Release|Any CPU.ActiveCfg = Release|Any CPU
		{4115CA8A-E2EC-4056-865E-FDAF93304FC4}.Release|Any CPU.Build.0 = Release|Any CPU
		{1C89D4AA-2BD6-43A4-A130-DDEF26E9A5D3}.Debug|Any CPU.ActiveCfg = Debug|Any CPU
		{1C89D4AA-2BD6-43A4-A130-DDEF26E9A5D3}.Debug|Any CPU.Build.0 = Debug|Any CPU
		{1C89D4AA-2BD6-43A4-A130-DDEF26E9A5D3}.Release|Any CPU.ActiveCfg = Release|Any CPU
		{1C89D4AA-2BD6-43A4-A130-DDEF26E9A5D3}.Release|Any CPU.Build.0 = Release|Any CPU
		{85218539-A3BB-4D49-B0F3-EED5431B6E9A}.Debug|Any CPU.ActiveCfg = Debug|Any CPU
		{85218539-A3BB-4D49-B0F3-EED5431B6E9A}.Debug|Any CPU.Build.0 = Debug|Any CPU
		{85218539-A3BB-4D49-B0F3-EED5431B6E9A}.Release|Any CPU.ActiveCfg = Release|Any CPU
		{85218539-A3BB-4D49-B0F3-EED5431B6E9A}.Release|Any CPU.Build.0 = Release|Any CPU
		{5E1EE083-F0D8-4F93-9930-FA153D5C9FC9}.Debug|Any CPU.ActiveCfg = Debug|Any CPU
		{5E1EE083-F0D8-4F93-9930-FA153D5C9FC9}.Debug|Any CPU.Build.0 = Debug|Any CPU
		{5E1EE083-F0D8-4F93-9930-FA153D5C9FC9}.Release|Any CPU.ActiveCfg = Release|Any CPU
		{5E1EE083-F0D8-4F93-9930-FA153D5C9FC9}.Release|Any CPU.Build.0 = Release|Any CPU
		{3590F1D8-3CF2-4398-BF79-13F61F60F55F}.Debug|Any CPU.ActiveCfg = Debug|Any CPU
		{3590F1D8-3CF2-4398-BF79-13F61F60F55F}.Debug|Any CPU.Build.0 = Debug|Any CPU
		{3590F1D8-3CF2-4398-BF79-13F61F60F55F}.Release|Any CPU.ActiveCfg = Release|Any CPU
		{3590F1D8-3CF2-4398-BF79-13F61F60F55F}.Release|Any CPU.Build.0 = Release|Any CPU
		{99E75409-2A74-431C-B80E-E2F4509ED123}.Debug|Any CPU.ActiveCfg = Debug|Any CPU
		{99E75409-2A74-431C-B80E-E2F4509ED123}.Debug|Any CPU.Build.0 = Debug|Any CPU
		{99E75409-2A74-431C-B80E-E2F4509ED123}.Release|Any CPU.ActiveCfg = Release|Any CPU
		{99E75409-2A74-431C-B80E-E2F4509ED123}.Release|Any CPU.Build.0 = Release|Any CPU
		{A3A7B542-A964-4E55-88EA-B1ED0520E09C}.Debug|Any CPU.ActiveCfg = Debug|Any CPU
		{A3A7B542-A964-4E55-88EA-B1ED0520E09C}.Debug|Any CPU.Build.0 = Debug|Any CPU
		{A3A7B542-A964-4E55-88EA-B1ED0520E09C}.Release|Any CPU.ActiveCfg = Release|Any CPU
		{A3A7B542-A964-4E55-88EA-B1ED0520E09C}.Release|Any CPU.Build.0 = Release|Any CPU
		{379FEF37-3B5B-4988-AC38-CDE5AAE857B2}.Debug|Any CPU.ActiveCfg = Debug|Any CPU
		{379FEF37-3B5B-4988-AC38-CDE5AAE857B2}.Debug|Any CPU.Build.0 = Debug|Any CPU
		{379FEF37-3B5B-4988-AC38-CDE5AAE857B2}.Release|Any CPU.ActiveCfg = Release|Any CPU
		{379FEF37-3B5B-4988-AC38-CDE5AAE857B2}.Release|Any CPU.Build.0 = Release|Any CPU
		{2832EF89-EE57-4D56-A6FD-47D88B675637}.Debug|Any CPU.ActiveCfg = Debug|Any CPU
		{2832EF89-EE57-4D56-A6FD-47D88B675637}.Debug|Any CPU.Build.0 = Debug|Any CPU
		{2832EF89-EE57-4D56-A6FD-47D88B675637}.Release|Any CPU.ActiveCfg = Release|Any CPU
		{2832EF89-EE57-4D56-A6FD-47D88B675637}.Release|Any CPU.Build.0 = Release|Any CPU
		{C58207AB-EC04-426A-A91D-357F5BC99C1C}.Debug|Any CPU.ActiveCfg = Debug|Any CPU
		{C58207AB-EC04-426A-A91D-357F5BC99C1C}.Debug|Any CPU.Build.0 = Debug|Any CPU
		{C58207AB-EC04-426A-A91D-357F5BC99C1C}.Release|Any CPU.ActiveCfg = Release|Any CPU
		{C58207AB-EC04-426A-A91D-357F5BC99C1C}.Release|Any CPU.Build.0 = Release|Any CPU
		{415C64CD-9541-4C78-BF56-3ADB442FBCCF}.Debug|Any CPU.ActiveCfg = Debug|Any CPU
		{415C64CD-9541-4C78-BF56-3ADB442FBCCF}.Debug|Any CPU.Build.0 = Debug|Any CPU
		{415C64CD-9541-4C78-BF56-3ADB442FBCCF}.Release|Any CPU.ActiveCfg = Release|Any CPU
		{415C64CD-9541-4C78-BF56-3ADB442FBCCF}.Release|Any CPU.Build.0 = Release|Any CPU
		{11B7143E-660C-4CF7-9710-38ECE21DF282}.Debug|Any CPU.ActiveCfg = Debug|Any CPU
		{11B7143E-660C-4CF7-9710-38ECE21DF282}.Debug|Any CPU.Build.0 = Debug|Any CPU
		{11B7143E-660C-4CF7-9710-38ECE21DF282}.Release|Any CPU.ActiveCfg = Release|Any CPU
		{11B7143E-660C-4CF7-9710-38ECE21DF282}.Release|Any CPU.Build.0 = Release|Any CPU
		{6743525C-DCE8-42C3-998F-EF20FB8CC499}.Debug|Any CPU.ActiveCfg = Debug|Any CPU
		{6743525C-DCE8-42C3-998F-EF20FB8CC499}.Debug|Any CPU.Build.0 = Debug|Any CPU
		{6743525C-DCE8-42C3-998F-EF20FB8CC499}.Release|Any CPU.ActiveCfg = Release|Any CPU
		{6743525C-DCE8-42C3-998F-EF20FB8CC499}.Release|Any CPU.Build.0 = Release|Any CPU
		{2C1C4ECF-A40E-4747-958A-0BB0AF5A927B}.Debug|Any CPU.ActiveCfg = Debug|Any CPU
		{2C1C4ECF-A40E-4747-958A-0BB0AF5A927B}.Debug|Any CPU.Build.0 = Debug|Any CPU
		{2C1C4ECF-A40E-4747-958A-0BB0AF5A927B}.Release|Any CPU.ActiveCfg = Release|Any CPU
		{2C1C4ECF-A40E-4747-958A-0BB0AF5A927B}.Release|Any CPU.Build.0 = Release|Any CPU
		{8755940B-4035-40E2-B8CF-CC9D1054459B}.Debug|Any CPU.ActiveCfg = Debug|Any CPU
		{8755940B-4035-40E2-B8CF-CC9D1054459B}.Debug|Any CPU.Build.0 = Debug|Any CPU
		{8755940B-4035-40E2-B8CF-CC9D1054459B}.Release|Any CPU.ActiveCfg = Release|Any CPU
		{8755940B-4035-40E2-B8CF-CC9D1054459B}.Release|Any CPU.Build.0 = Release|Any CPU
		{CA65F058-578B-41C0-BA58-A83201E8B1F6}.Debug|Any CPU.ActiveCfg = Debug|Any CPU
		{CA65F058-578B-41C0-BA58-A83201E8B1F6}.Debug|Any CPU.Build.0 = Debug|Any CPU
		{CA65F058-578B-41C0-BA58-A83201E8B1F6}.Release|Any CPU.ActiveCfg = Release|Any CPU
		{CA65F058-578B-41C0-BA58-A83201E8B1F6}.Release|Any CPU.Build.0 = Release|Any CPU
		{549DF4AD-AD53-40F3-AD9F-A3175A16A9E9}.Debug|Any CPU.ActiveCfg = Debug|Any CPU
		{549DF4AD-AD53-40F3-AD9F-A3175A16A9E9}.Debug|Any CPU.Build.0 = Debug|Any CPU
		{549DF4AD-AD53-40F3-AD9F-A3175A16A9E9}.Release|Any CPU.ActiveCfg = Release|Any CPU
		{549DF4AD-AD53-40F3-AD9F-A3175A16A9E9}.Release|Any CPU.Build.0 = Release|Any CPU
		{752C1503-5E6E-4402-830A-511F77D7D73E}.Debug|Any CPU.ActiveCfg = Debug|Any CPU
		{752C1503-5E6E-4402-830A-511F77D7D73E}.Debug|Any CPU.Build.0 = Debug|Any CPU
		{752C1503-5E6E-4402-830A-511F77D7D73E}.Release|Any CPU.ActiveCfg = Release|Any CPU
		{752C1503-5E6E-4402-830A-511F77D7D73E}.Release|Any CPU.Build.0 = Release|Any CPU
		{830FE6C9-0E57-4405-AB56-429D9EB61250}.Debug|Any CPU.ActiveCfg = Debug|Any CPU
		{830FE6C9-0E57-4405-AB56-429D9EB61250}.Debug|Any CPU.Build.0 = Debug|Any CPU
		{830FE6C9-0E57-4405-AB56-429D9EB61250}.Release|Any CPU.ActiveCfg = Release|Any CPU
		{830FE6C9-0E57-4405-AB56-429D9EB61250}.Release|Any CPU.Build.0 = Release|Any CPU
		{4AEAA009-463E-4B92-BE0C-A1F0594A6049}.Debug|Any CPU.ActiveCfg = Debug|Any CPU
		{4AEAA009-463E-4B92-BE0C-A1F0594A6049}.Debug|Any CPU.Build.0 = Debug|Any CPU
		{4AEAA009-463E-4B92-BE0C-A1F0594A6049}.Release|Any CPU.ActiveCfg = Release|Any CPU
		{4AEAA009-463E-4B92-BE0C-A1F0594A6049}.Release|Any CPU.Build.0 = Release|Any CPU
		{5FD840D5-89D9-4D80-B85A-04DA68B2D481}.Debug|Any CPU.ActiveCfg = Debug|Any CPU
		{5FD840D5-89D9-4D80-B85A-04DA68B2D481}.Debug|Any CPU.Build.0 = Debug|Any CPU
		{5FD840D5-89D9-4D80-B85A-04DA68B2D481}.Release|Any CPU.ActiveCfg = Release|Any CPU
		{5FD840D5-89D9-4D80-B85A-04DA68B2D481}.Release|Any CPU.Build.0 = Release|Any CPU
		{731396E5-AA06-4205-B85E-D0EB13C12765}.Debug|Any CPU.ActiveCfg = Debug|Any CPU
		{731396E5-AA06-4205-B85E-D0EB13C12765}.Debug|Any CPU.Build.0 = Debug|Any CPU
		{731396E5-AA06-4205-B85E-D0EB13C12765}.Release|Any CPU.ActiveCfg = Release|Any CPU
		{731396E5-AA06-4205-B85E-D0EB13C12765}.Release|Any CPU.Build.0 = Release|Any CPU
		{1F599133-0B9A-45B3-AA6A-3FFFF11F0988}.Debug|Any CPU.ActiveCfg = Debug|Any CPU
		{1F599133-0B9A-45B3-AA6A-3FFFF11F0988}.Debug|Any CPU.Build.0 = Debug|Any CPU
		{1F599133-0B9A-45B3-AA6A-3FFFF11F0988}.Release|Any CPU.ActiveCfg = Release|Any CPU
		{1F599133-0B9A-45B3-AA6A-3FFFF11F0988}.Release|Any CPU.Build.0 = Release|Any CPU
		{A35BD48B-4EF7-450C-BAC3-9E84A5D9CFDC}.Debug|Any CPU.ActiveCfg = Debug|Any CPU
		{A35BD48B-4EF7-450C-BAC3-9E84A5D9CFDC}.Debug|Any CPU.Build.0 = Debug|Any CPU
		{A35BD48B-4EF7-450C-BAC3-9E84A5D9CFDC}.Release|Any CPU.ActiveCfg = Release|Any CPU
		{A35BD48B-4EF7-450C-BAC3-9E84A5D9CFDC}.Release|Any CPU.Build.0 = Release|Any CPU
		{23F26A4E-005B-454C-97A4-BD8779326213}.Debug|Any CPU.ActiveCfg = Debug|Any CPU
		{23F26A4E-005B-454C-97A4-BD8779326213}.Debug|Any CPU.Build.0 = Debug|Any CPU
		{23F26A4E-005B-454C-97A4-BD8779326213}.Release|Any CPU.ActiveCfg = Release|Any CPU
		{23F26A4E-005B-454C-97A4-BD8779326213}.Release|Any CPU.Build.0 = Release|Any CPU
		{222F4563-FAB4-4133-B7F8-FD1693973D99}.Debug|Any CPU.ActiveCfg = Debug|Any CPU
		{222F4563-FAB4-4133-B7F8-FD1693973D99}.Debug|Any CPU.Build.0 = Debug|Any CPU
		{222F4563-FAB4-4133-B7F8-FD1693973D99}.Release|Any CPU.ActiveCfg = Release|Any CPU
		{222F4563-FAB4-4133-B7F8-FD1693973D99}.Release|Any CPU.Build.0 = Release|Any CPU
		{98913333-84D1-4A1C-829E-3137001EEE5D}.Debug|Any CPU.ActiveCfg = Debug|Any CPU
		{98913333-84D1-4A1C-829E-3137001EEE5D}.Debug|Any CPU.Build.0 = Debug|Any CPU
		{98913333-84D1-4A1C-829E-3137001EEE5D}.Release|Any CPU.ActiveCfg = Release|Any CPU
		{98913333-84D1-4A1C-829E-3137001EEE5D}.Release|Any CPU.Build.0 = Release|Any CPU
		{724C8F10-1E32-47EA-9966-321F715F9FE0}.Debug|Any CPU.ActiveCfg = Debug|Any CPU
		{724C8F10-1E32-47EA-9966-321F715F9FE0}.Debug|Any CPU.Build.0 = Debug|Any CPU
		{724C8F10-1E32-47EA-9966-321F715F9FE0}.Release|Any CPU.ActiveCfg = Release|Any CPU
		{724C8F10-1E32-47EA-9966-321F715F9FE0}.Release|Any CPU.Build.0 = Release|Any CPU
		{1CC3A515-3D1A-4992-BFA6-0DE92AE48AEA}.Debug|Any CPU.ActiveCfg = Debug|Any CPU
		{1CC3A515-3D1A-4992-BFA6-0DE92AE48AEA}.Debug|Any CPU.Build.0 = Debug|Any CPU
		{1CC3A515-3D1A-4992-BFA6-0DE92AE48AEA}.Release|Any CPU.ActiveCfg = Release|Any CPU
		{1CC3A515-3D1A-4992-BFA6-0DE92AE48AEA}.Release|Any CPU.Build.0 = Release|Any CPU
		{CB73F8A2-522B-4DA6-86A3-F40E3B6D4F45}.Debug|Any CPU.ActiveCfg = Debug|Any CPU
		{CB73F8A2-522B-4DA6-86A3-F40E3B6D4F45}.Debug|Any CPU.Build.0 = Debug|Any CPU
		{CB73F8A2-522B-4DA6-86A3-F40E3B6D4F45}.Release|Any CPU.ActiveCfg = Release|Any CPU
		{CB73F8A2-522B-4DA6-86A3-F40E3B6D4F45}.Release|Any CPU.Build.0 = Release|Any CPU
		{7EFAE07D-B39A-47A7-AAAB-9F1623D7491D}.Debug|Any CPU.ActiveCfg = Debug|Any CPU
		{7EFAE07D-B39A-47A7-AAAB-9F1623D7491D}.Debug|Any CPU.Build.0 = Debug|Any CPU
		{7EFAE07D-B39A-47A7-AAAB-9F1623D7491D}.Release|Any CPU.ActiveCfg = Release|Any CPU
		{7EFAE07D-B39A-47A7-AAAB-9F1623D7491D}.Release|Any CPU.Build.0 = Release|Any CPU
	EndGlobalSection
	GlobalSection(SolutionProperties) = preSolution
		HideSolutionNode = FALSE
	EndGlobalSection
EndGlobal
